
Microsoft Visual Studio Solution File, Format Version 12.00
# Visual Studio 14
VisualStudioVersion = 14.0.24720.0
MinimumVisualStudioVersion = 10.0.40219.1
Project("{FAE04EC0-301F-11D3-BF4B-00C04F79EFBC}") = "Git4", "Git4\Git4.csproj", "{91B17AA1-278F-4E15-8EFC-30EA7D54025E}"
EndProject
Global
	GlobalSection(SolutionConfigurationPlatforms) = preSolution
		Debug|Any CPU = Debug|Any CPU
		Release|Any CPU = Release|Any CPU
	EndGlobalSection
	GlobalSection(ProjectConfigurationPlatforms) = postSolution
		{91B17AA1-278F-4E15-8EFC-30EA7D54025E}.Debug|Any CPU.ActiveCfg = Debug|Any CPU
		{91B17AA1-278F-4E15-8EFC-30EA7D54025E}.Debug|Any CPU.Build.0 = Debug|Any CPU
		{91B17AA1-278F-4E15-8EFC-30EA7D54025E}.Release|Any CPU.ActiveCfg = Release|Any CPU
		{91B17AA1-278F-4E15-8EFC-30EA7D54025E}.Release|Any CPU.Build.0 = Release|Any CPU
	EndGlobalSection
	GlobalSection(SolutionProperties) = preSolution
		HideSolutionNode = FALSE
	EndGlobalSection
EndGlobal
